// !$*UTF8*$!
{
	archiveVersion = 1;
	classes = {
	};
	objectVersion = 56;
	objects = {

/* Begin PBXBuildFile section */
		00C6DEE7C2AC6D2BDE99782D /* Traveler.swift in Sources */ = {isa = PBXBuildFile; fileRef = D4F25240B4E950DBDC6BB44A /* Traveler.swift */; };
		4EE7AAA453CF1DC6CC5A71F6 /* Assets.xcassets in Resources */ = {isa = PBXBuildFile; fileRef = C25AA24A6A64E0E2D5EC5DB6 /* Assets.xcassets */; };
		5DCF9A4D2223123201C9A438 /* AddItemView.swift in Sources */ = {isa = PBXBuildFile; fileRef = 1EC6629E1BC017F7D1A0506E /* AddItemView.swift */; };
		EF1E2DA5CEC7F7F359DB3ABA /* SplashScreenView.swift in Sources */ = {isa = PBXBuildFile; fileRef = 6B91A9DD3FF6A5590DF8E2EB /* SplashScreenView.swift */; };
		0352E66B56A0BB8F85457871 /* CloudSharingControllerView.swift in Sources */ = {isa = PBXBuildFile; fileRef = BAE3EE2DD05EEE3E419A3509 /* CloudSharingControllerView.swift */; };
		0544AEB5F91100A168364E41 /* TemplateItem.swift in Sources */ = {isa = PBXBuildFile; fileRef = 4D8091FDE99682428E6578CE /* TemplateItem.swift */; };
		074ACA1044236520B57A0A55 /* Pet.swift in Sources */ = {isa = PBXBuildFile; fileRef = 1EE87966B57A366920A15FF0 /* Pet.swift */; };
		07F61C49BAB508171B43D1C3 /* TripSharingService.swift in Sources */ = {isa = PBXBuildFile; fileRef = 103DAD5C7D76416917811B57 /* TripSharingService.swift */; };
		0A1C0191A5E78EAB16D3E28B /* DesignSystem.swift in Sources */ = {isa = PBXBuildFile; fileRef = DAF19A8569A446A0A2FD38B4 /* DesignSystem.swift */; };
		181C1577AC6EEC784416A864 /* MasterPackerApp.swift in Sources */ = {isa = PBXBuildFile; fileRef = 31D76C12613F60BADD41492E /* MasterPackerApp.swift */; };
		1C4EC2BCC4A986FB625A1F2C /* TripMapView.swift in Sources */ = {isa = PBXBuildFile; fileRef = A8D0EB73282CD02E9223975F /* TripMapView.swift */; };
		1D462128AAAB5F6510333E94 /* PackingItem.swift in Sources */ = {isa = PBXBuildFile; fileRef = 16BD4940700936872CE97FF4 /* PackingItem.swift */; };
		2144978F6482F0A06329C59E /* AddTemplateItemView.swift in Sources */ = {isa = PBXBuildFile; fileRef = 7A73D04C1F3B5CB93FB5EE8B /* AddTemplateItemView.swift */; };
		270C1C4B808BE5B6D8E4248E /* ProfileListView.swift in Sources */ = {isa = PBXBuildFile; fileRef = 50F9BEEEDCD30513B9DE081C /* ProfileListView.swift */; };
		27E0E6E98DB070F3BD949356 /* NewProfileView.swift in Sources */ = {isa = PBXBuildFile; fileRef = 6E00C095BF080504A31FEA5E /* NewProfileView.swift */; };
		2E3AA606304229F500360261 /* FirebaseAnalytics in Frameworks */ = {isa = PBXBuildFile; productRef = 2E3AA605304229F500360261 /* FirebaseAnalytics */; };
		3EB588070026919A8237C6F1 /* ProfileDetailView.swift in Sources */ = {isa = PBXBuildFile; fileRef = D0D135F12360FCD9616ED012 /* ProfileDetailView.swift */; };
		4CA8F2662805991A052B5B1A /* PackingTemplate.swift in Sources */ = {isa = PBXBuildFile; fileRef = 78407A25CF548D158C9BFB2D /* PackingTemplate.swift */; };
		4E94D9F7257212ED1C400522 /* AddProfileItemView.swift in Sources */ = {isa = PBXBuildFile; fileRef = 1FB590586804C729A187E3D3 /* AddProfileItemView.swift */; };
		5A400D74598A549DD03365FD /* PetProfileDetailView.swift in Sources */ = {isa = PBXBuildFile; fileRef = 3DC3A1F3A3C45F0B6D19E5C7 /* PetProfileDetailView.swift */; };
		5B15B5F00122561A4E69C0EC /* NotificationManager.swift in Sources */ = {isa = PBXBuildFile; fileRef = 524CB759DF28E21FD1F371FD /* NotificationManager.swift */; };
		6410D3586841C6A9B6BE3B78 /* TripListView.swift in Sources */ = {isa = PBXBuildFile; fileRef = 4B5028B2482F31F599C04F93 /* TripListView.swift */; };
		642EA7EC0A4BAF470C103661 /* SharedTripDetailView.swift in Sources */ = {isa = PBXBuildFile; fileRef = F137B16996BEC3610ADA3689 /* SharedTripDetailView.swift */; };
		6B547671E1619B1E9CE45A41 /* Trip.swift in Sources */ = {isa = PBXBuildFile; fileRef = 70541B1AD346B7FD891E405E /* Trip.swift */; };
		7BC98E4A879ECC550BA074B2 /* ContentView.swift in Sources */ = {isa = PBXBuildFile; fileRef = 620FDBCAB506ED42E6E22314 /* ContentView.swift */; };
		7E0C16F701701F57C427F863 /* Activity.swift in Sources */ = {isa = PBXBuildFile; fileRef = 07E321AF525F903CB2AA1905 /* Activity.swift */; };
		85C17D236D64E18FEEC51EE1 /* TravelerProfile.swift in Sources */ = {isa = PBXBuildFile; fileRef = D4E975982423349BEC40603F /* TravelerProfile.swift */; };
		868B5CBD8BA4FA16F6E46AEF /* DestinationSearchCompleter.swift in Sources */ = {isa = PBXBuildFile; fileRef = 4336701D9576990AA209D485 /* DestinationSearchCompleter.swift */; };
		86B26A94EB6C4ECCE2CB7C69 /* PackingRulesEngine.swift in Sources */ = {isa = PBXBuildFile; fileRef = 1AA9CCA06D61EF382938C70B /* PackingRulesEngine.swift */; };
		86E3AC0621C5015DD62D7700 /* AppDelegate.swift in Sources */ = {isa = PBXBuildFile; fileRef = BEFDDFB630D169341E45AC3B /* AppDelegate.swift */; };
		88559DC496DC35431670D227 /* CustomCategory.swift in Sources */ = {isa = PBXBuildFile; fileRef = 1CE331B6F285C7CACF7A3785 /* CustomCategory.swift */; };
		8890A7A1CACCE7FF2644C1A1 /* GoogleService-Info.plist in Resources */ = {isa = PBXBuildFile; fileRef = 30CF7F24892589ADEDD0B194 /* GoogleService-Info.plist */; };
		88E88992E27516D6A7C022A5 /* SceneDelegate.swift in Sources */ = {isa = PBXBuildFile; fileRef = 985E7E070372A8B4F20FFB1F /* SceneDelegate.swift */; };
		8DACB12FE50E19E79B416F2D /* TravelMethod.swift in Sources */ = {isa = PBXBuildFile; fileRef = B9ACBE4821F48738058145AA /* TravelMethod.swift */; };
		9B974E889E657B859E33DBE9 /* NewTemplateView.swift in Sources */ = {isa = PBXBuildFile; fileRef = AD705FC539CD70F839E29A9F /* NewTemplateView.swift */; };
		9C0F515867C01D356DFF11FB /* PetProfile.swift in Sources */ = {isa = PBXBuildFile; fileRef = 2A8DA39032798EA5840786A2 /* PetProfile.swift */; };
		A77AD8C55C88BABD5A7E3170 /* ProfileItem.swift in Sources */ = {isa = PBXBuildFile; fileRef = CB011B79A7DDDAC9A34160A1 /* ProfileItem.swift */; };
		B05B13C8451BD170CDDB486C /* SharedTripsListView.swift in Sources */ = {isa = PBXBuildFile; fileRef = 7277AD1098A99EF4F33AA3A9 /* SharedTripsListView.swift */; };
		B5C071AA4DC9BDEF82E83253 /* EditTripView.swift in Sources */ = {isa = PBXBuildFile; fileRef = FF7E07EF7735FC1671416FF7 /* EditTripView.swift */; };
		B61F6CB5D3F07F8C47D2A2EF /* TemplateListView.swift in Sources */ = {isa = PBXBuildFile; fileRef = 0F1B318C863261EEAA8FE43F /* TemplateListView.swift */; };
		B6BB222ED03CCAA18EA3542C /* CloudSharingRecords.swift in Sources */ = {isa = PBXBuildFile; fileRef = 1D323752A0A3BC0D691396FF /* CloudSharingRecords.swift */; };
		B6EA257E00C0827C7C66762A /* ApplyTemplateView.swift in Sources */ = {isa = PBXBuildFile; fileRef = CD0A2D05BA45A651B248B1B9 /* ApplyTemplateView.swift */; };
		C8188E0AC934DDD4D2428287 /* DestinationField.swift in Sources */ = {isa = PBXBuildFile; fileRef = 0000796B7023BFF2AE768B51 /* DestinationField.swift */; };
		D74F545D56087331C081C280 /* TripDetailView.swift in Sources */ = {isa = PBXBuildFile; fileRef = D76319163FC75AF902D01566 /* TripDetailView.swift */; };
		E445CA198701213BF4B9E95B /* NewPetProfileView.swift in Sources */ = {isa = PBXBuildFile; fileRef = 4D001AE4B0CDBA53AB58B0CA /* NewPetProfileView.swift */; };
		E8AE0017D039B5510820EE2E /* AddTripView.swift in Sources */ = {isa = PBXBuildFile; fileRef = 373564E5B61B02A364226932 /* AddTripView.swift */; };
		EA162E777A18B00EA71016ED /* WeatherService.swift in Sources */ = {isa = PBXBuildFile; fileRef = 76D8A0ED619AF22E1A17C17C /* WeatherService.swift */; };
		EF745E5199DFFB399AA16468 /* CommonPetItems.swift in Sources */ = {isa = PBXBuildFile; fileRef = D6AE46E40383F6A7E9ECD9FD /* CommonPetItems.swift */; };
		F46F299A6CC7C1A1E5ECD393 /* CommonProfileItems.swift in Sources */ = {isa = PBXBuildFile; fileRef = 4357A909A61DB26BA970117A /* CommonProfileItems.swift */; };
		F85AE32304CEEC5EFCA0EE35 /* RemoteTrip.swift in Sources */ = {isa = PBXBuildFile; fileRef = C7D7BAF7AC6E0B33ADF1236F /* RemoteTrip.swift */; };
		FCF43C565C58A4D0428D5175 /* TemplateDetailView.swift in Sources */ = {isa = PBXBuildFile; fileRef = 46D830DBACCE563157885776 /* TemplateDetailView.swift */; };
/* End PBXBuildFile section */

/* Begin PBXFileReference section */
		0000796B7023BFF2AE768B51 /* DestinationField.swift */ = {isa = PBXFileReference; lastKnownFileType = sourcecode.swift; path = DestinationField.swift; sourceTree = "<group>"; };
		07E321AF525F903CB2AA1905 /* Activity.swift */ = {isa = PBXFileReference; lastKnownFileType = sourcecode.swift; path = Activity.swift; sourceTree = "<group>"; };
		0F1B318C863261EEAA8FE43F /* TemplateListView.swift */ = {isa = PBXFileReference; lastKnownFileType = sourcecode.swift; path = TemplateListView.swift; sourceTree = "<group>"; };
		103DAD5C7D76416917811B57 /* TripSharingService.swift */ = {isa = PBXFileReference; lastKnownFileType = sourcecode.swift; path = TripSharingService.swift; sourceTree = "<group>"; };
		16BD4940700936872CE97FF4 /* PackingItem.swift */ = {isa = PBXFileReference; lastKnownFileType = sourcecode.swift; path = PackingItem.swift; sourceTree = "<group>"; };
		1AA9CCA06D61EF382938C70B /* PackingRulesEngine.swift */ = {isa = PBXFileReference; lastKnownFileType = sourcecode.swift; path = PackingRulesEngine.swift; sourceTree = "<group>"; };
		1CE331B6F285C7CACF7A3785 /* CustomCategory.swift */ = {isa = PBXFileReference; lastKnownFileType = sourcecode.swift; path = CustomCategory.swift; sourceTree = "<group>"; };
		1D323752A0A3BC0D691396FF /* CloudSharingRecords.swift */ = {isa = PBXFileReference; lastKnownFileType = sourcecode.swift; path = CloudSharingRecords.swift; sourceTree = "<group>"; };
		1EC6629E1BC017F7D1A0506E /* AddItemView.swift */ = {isa = PBXFileReference; lastKnownFileType = sourcecode.swift; path = AddItemView.swift; sourceTree = "<group>"; };
		1EE87966B57A366920A15FF0 /* Pet.swift */ = {isa = PBXFileReference; lastKnownFileType = sourcecode.swift; path = Pet.swift; sourceTree = "<group>"; };
		1FB590586804C729A187E3D3 /* AddProfileItemView.swift */ = {isa = PBXFileReference; lastKnownFileType = sourcecode.swift; path = AddProfileItemView.swift; sourceTree = "<group>"; };
		2A8DA39032798EA5840786A2 /* PetProfile.swift */ = {isa = PBXFileReference; lastKnownFileType = sourcecode.swift; path = PetProfile.swift; sourceTree = "<group>"; };
		2E57A96C3040EA59007B1929 /* Info.plist */ = {isa = PBXFileReference; lastKnownFileType = text.plist; path = Info.plist; sourceTree = "<group>"; };
		2E72EEF23040E10C00FEE90C /* MasterPacker.entitlements */ = {isa = PBXFileReference; lastKnownFileType = text.plist.entitlements; path = MasterPacker.entitlements; sourceTree = "<group>"; };
		30CF7F24892589ADEDD0B194 /* GoogleService-Info.plist */ = {isa = PBXFileReference; lastKnownFileType = text.plist.xml; path = "GoogleService-Info.plist"; sourceTree = "<group>"; };
		31D76C12613F60BADD41492E /* MasterPackerApp.swift */ = {isa = PBXFileReference; lastKnownFileType = sourcecode.swift; path = MasterPackerApp.swift; sourceTree = "<group>"; };
		373564E5B61B02A364226932 /* AddTripView.swift */ = {isa = PBXFileReference; lastKnownFileType = sourcecode.swift; path = AddTripView.swift; sourceTree = "<group>"; };
		3DC3A1F3A3C45F0B6D19E5C7 /* PetProfileDetailView.swift */ = {isa = PBXFileReference; lastKnownFileType = sourcecode.swift; path = PetProfileDetailView.swift; sourceTree = "<group>"; };
		4336701D9576990AA209D485 /* DestinationSearchCompleter.swift */ = {isa = PBXFileReference; lastKnownFileType = sourcecode.swift; path = DestinationSearchCompleter.swift; sourceTree = "<group>"; };
		4357A909A61DB26BA970117A /* CommonProfileItems.swift */ = {isa = PBXFileReference; lastKnownFileType = sourcecode.swift; path = CommonProfileItems.swift; sourceTree = "<group>"; };
		46D830DBACCE563157885776 /* TemplateDetailView.swift */ = {isa = PBXFileReference; lastKnownFileType = sourcecode.swift; path = TemplateDetailView.swift; sourceTree = "<group>"; };
		4B5028B2482F31F599C04F93 /* TripListView.swift */ = {isa = PBXFileReference; lastKnownFileType = sourcecode.swift; path = TripListView.swift; sourceTree = "<group>"; };
		4D001AE4B0CDBA53AB58B0CA /* NewPetProfileView.swift */ = {isa = PBXFileReference; lastKnownFileType = sourcecode.swift; path = NewPetProfileView.swift; sourceTree = "<group>"; };
		4D8091FDE99682428E6578CE /* TemplateItem.swift */ = {isa = PBXFileReference; lastKnownFileType = sourcecode.swift; path = TemplateItem.swift; sourceTree = "<group>"; };
		50F9BEEEDCD30513B9DE081C /* ProfileListView.swift */ = {isa = PBXFileReference; lastKnownFileType = sourcecode.swift; path = ProfileListView.swift; sourceTree = "<group>"; };
		524CB759DF28E21FD1F371FD /* NotificationManager.swift */ = {isa = PBXFileReference; lastKnownFileType = sourcecode.swift; path = NotificationManager.swift; sourceTree = "<group>"; };
		620FDBCAB506ED42E6E22314 /* ContentView.swift */ = {isa = PBXFileReference; lastKnownFileType = sourcecode.swift; path = ContentView.swift; sourceTree = "<group>"; };
		6B91A9DD3FF6A5590DF8E2EB /* SplashScreenView.swift */ = {isa = PBXFileReference; lastKnownFileType = sourcecode.swift; path = SplashScreenView.swift; sourceTree = "<group>"; };
		6E00C095BF080504A31FEA5E /* NewProfileView.swift */ = {isa = PBXFileReference; lastKnownFileType = sourcecode.swift; path = NewProfileView.swift; sourceTree = "<group>"; };
		70541B1AD346B7FD891E405E /* Trip.swift */ = {isa = PBXFileReference; lastKnownFileType = sourcecode.swift; path = Trip.swift; sourceTree = "<group>"; };
		7277AD1098A99EF4F33AA3A9 /* SharedTripsListView.swift */ = {isa = PBXFileReference; lastKnownFileType = sourcecode.swift; path = SharedTripsListView.swift; sourceTree = "<group>"; };
		76D8A0ED619AF22E1A17C17C /* WeatherService.swift */ = {isa = PBXFileReference; lastKnownFileType = sourcecode.swift; path = WeatherService.swift; sourceTree = "<group>"; };
		78407A25CF548D158C9BFB2D /* PackingTemplate.swift */ = {isa = PBXFileReference; lastKnownFileType = sourcecode.swift; path = PackingTemplate.swift; sourceTree = "<group>"; };
		7A73D04C1F3B5CB93FB5EE8B /* AddTemplateItemView.swift */ = {isa = PBXFileReference; lastKnownFileType = sourcecode.swift; path = AddTemplateItemView.swift; sourceTree = "<group>"; };
		8E186E08EC962C6824D4940F /* MasterPacker.app */ = {isa = PBXFileReference; explicitFileType = wrapper.application; includeInIndex = 0; path = MasterPacker.app; sourceTree = BUILT_PRODUCTS_DIR; };
		970412ADD356FE1B5B012256 /* Preview Assets.xcassets */ = {isa = PBXFileReference; lastKnownFileType = folder.assetcatalog; path = "Preview Assets.xcassets"; sourceTree = "<group>"; };
		985E7E070372A8B4F20FFB1F /* SceneDelegate.swift */ = {isa = PBXFileReference; lastKnownFileType = sourcecode.swift; path = SceneDelegate.swift; sourceTree = "<group>"; };
		A8D0EB73282CD02E9223975F /* TripMapView.swift */ = {isa = PBXFileReference; lastKnownFileType = sourcecode.swift; path = TripMapView.swift; sourceTree = "<group>"; };
		AD705FC539CD70F839E29A9F /* NewTemplateView.swift */ = {isa = PBXFileReference; lastKnownFileType = sourcecode.swift; path = NewTemplateView.swift; sourceTree = "<group>"; };
		B9ACBE4821F48738058145AA /* TravelMethod.swift */ = {isa = PBXFileReference; lastKnownFileType = sourcecode.swift; path = TravelMethod.swift; sourceTree = "<group>"; };
		BAE3EE2DD05EEE3E419A3509 /* CloudSharingControllerView.swift */ = {isa = PBXFileReference; lastKnownFileType = sourcecode.swift; path = CloudSharingControllerView.swift; sourceTree = "<group>"; };
		BEFDDFB630D169341E45AC3B /* AppDelegate.swift */ = {isa = PBXFileReference; lastKnownFileType = sourcecode.swift; path = AppDelegate.swift; sourceTree = "<group>"; };
		C25AA24A6A64E0E2D5EC5DB6 /* Assets.xcassets */ = {isa = PBXFileReference; lastKnownFileType = folder.assetcatalog; path = Assets.xcassets; sourceTree = "<group>"; };
		C7D7BAF7AC6E0B33ADF1236F /* RemoteTrip.swift */ = {isa = PBXFileReference; lastKnownFileType = sourcecode.swift; path = RemoteTrip.swift; sourceTree = "<group>"; };
		CB011B79A7DDDAC9A34160A1 /* ProfileItem.swift */ = {isa = PBXFileReference; lastKnownFileType = sourcecode.swift; path = ProfileItem.swift; sourceTree = "<group>"; };
		CD0A2D05BA45A651B248B1B9 /* ApplyTemplateView.swift */ = {isa = PBXFileReference; lastKnownFileType = sourcecode.swift; path = ApplyTemplateView.swift; sourceTree = "<group>"; };
		D0D135F12360FCD9616ED012 /* ProfileDetailView.swift */ = {isa = PBXFileReference; lastKnownFileType = sourcecode.swift; path = ProfileDetailView.swift; sourceTree = "<group>"; };
		D4E975982423349BEC40603F /* TravelerProfile.swift */ = {isa = PBXFileReference; lastKnownFileType = sourcecode.swift; path = TravelerProfile.swift; sourceTree = "<group>"; };
		D4F25240B4E950DBDC6BB44A /* Traveler.swift */ = {isa = PBXFileReference; lastKnownFileType = sourcecode.swift; path = Traveler.swift; sourceTree = "<group>"; };
		D6AE46E40383F6A7E9ECD9FD /* CommonPetItems.swift */ = {isa = PBXFileReference; lastKnownFileType = sourcecode.swift; path = CommonPetItems.swift; sourceTree = "<group>"; };
		D76319163FC75AF902D01566 /* TripDetailView.swift */ = {isa = PBXFileReference; lastKnownFileType = sourcecode.swift; path = TripDetailView.swift; sourceTree = "<group>"; };
		DAF19A8569A446A0A2FD38B4 /* DesignSystem.swift */ = {isa = PBXFileReference; lastKnownFileType = sourcecode.swift; path = DesignSystem.swift; sourceTree = "<group>"; };
		F137B16996BEC3610ADA3689 /* SharedTripDetailView.swift */ = {isa = PBXFileReference; lastKnownFileType = sourcecode.swift; path = SharedTripDetailView.swift; sourceTree = "<group>"; };
		FF7E07EF7735FC1671416FF7 /* EditTripView.swift */ = {isa = PBXFileReference; lastKnownFileType = sourcecode.swift; path = EditTripView.swift; sourceTree = "<group>"; };
/* End PBXFileReference section */

/* Begin PBXFrameworksBuildPhase section */
		764021F57C32CD23A4854092 /* Frameworks */ = {
			isa = PBXFrameworksBuildPhase;
			buildActionMask = 2147483647;
			files = (
				2E3AA606304229F500360261 /* FirebaseAnalytics in Frameworks */,
			);
			runOnlyForDeploymentPostprocessing = 0;
		};
/* End PBXFrameworksBuildPhase section */

/* Begin PBXGroup section */
		0BDF574CBC29DD3A21C0EE03 /* Views */ = {
			isa = PBXGroup;
			children = (
				4B5028B2482F31F599C04F93 /* TripListView.swift */,
				373564E5B61B02A364226932 /* AddTripView.swift */,
				D76319163FC75AF902D01566 /* TripDetailView.swift */,
				1EC6629E1BC017F7D1A0506E /* AddItemView.swift */,
				6B91A9DD3FF6A5590DF8E2EB /* SplashScreenView.swift */,
				50F9BEEEDCD30513B9DE081C /* ProfileListView.swift */,
				6E00C095BF080504A31FEA5E /* NewProfileView.swift */,
				D0D135F12360FCD9616ED012 /* ProfileDetailView.swift */,
				1FB590586804C729A187E3D3 /* AddProfileItemView.swift */,
				4D001AE4B0CDBA53AB58B0CA /* NewPetProfileView.swift */,
				3DC3A1F3A3C45F0B6D19E5C7 /* PetProfileDetailView.swift */,
				A8D0EB73282CD02E9223975F /* TripMapView.swift */,
				0F1B318C863261EEAA8FE43F /* TemplateListView.swift */,
				AD705FC539CD70F839E29A9F /* NewTemplateView.swift */,
				46D830DBACCE563157885776 /* TemplateDetailView.swift */,
				7A73D04C1F3B5CB93FB5EE8B /* AddTemplateItemView.swift */,
				CD0A2D05BA45A651B248B1B9 /* ApplyTemplateView.swift */,
				FF7E07EF7735FC1671416FF7 /* EditTripView.swift */,
				0000796B7023BFF2AE768B51 /* DestinationField.swift */,
				7277AD1098A99EF4F33AA3A9 /* SharedTripsListView.swift */,
				F137B16996BEC3610ADA3689 /* SharedTripDetailView.swift */,
				BAE3EE2DD05EEE3E419A3509 /* CloudSharingControllerView.swift */,
			);
			path = Views;
			sourceTree = "<group>";
		};
		155842F409CD5C51A4E79855 /* Models */ = {
			isa = PBXGroup;
			children = (
				70541B1AD346B7FD891E405E /* Trip.swift */,
				16BD4940700936872CE97FF4 /* PackingItem.swift */,
				1AA9CCA06D61EF382938C70B /* PackingRulesEngine.swift */,
				D4F25240B4E950DBDC6BB44A /* Traveler.swift */,
				1EE87966B57A366920A15FF0 /* Pet.swift */,
				07E321AF525F903CB2AA1905 /* Activity.swift */,
				B9ACBE4821F48738058145AA /* TravelMethod.swift */,
				D4E975982423349BEC40603F /* TravelerProfile.swift */,
				CB011B79A7DDDAC9A34160A1 /* ProfileItem.swift */,
				4357A909A61DB26BA970117A /* CommonProfileItems.swift */,
				2A8DA39032798EA5840786A2 /* PetProfile.swift */,
				D6AE46E40383F6A7E9ECD9FD /* CommonPetItems.swift */,
				78407A25CF548D158C9BFB2D /* PackingTemplate.swift */,
				4D8091FDE99682428E6578CE /* TemplateItem.swift */,
				1CE331B6F285C7CACF7A3785 /* CustomCategory.swift */,
				76D8A0ED619AF22E1A17C17C /* WeatherService.swift */,
				524CB759DF28E21FD1F371FD /* NotificationManager.swift */,
				C7D7BAF7AC6E0B33ADF1236F /* RemoteTrip.swift */,
				1D323752A0A3BC0D691396FF /* CloudSharingRecords.swift */,
				103DAD5C7D76416917811B57 /* TripSharingService.swift */,
				4336701D9576990AA209D485 /* DestinationSearchCompleter.swift */,
			);
			path = Models;
			sourceTree = "<group>";
		};
		2E3AA604304229F500360261 /* Frameworks */ = {
			isa = PBXGroup;
			children = (
			);
			name = Frameworks;
			sourceTree = "<group>";
		};
		750D2DB985DFD4820D157A13 /* Preview Content */ = {
			isa = PBXGroup;
			children = (
				970412ADD356FE1B5B012256 /* Preview Assets.xcassets */,
			);
			path = "Preview Content";
			sourceTree = "<group>";
		};
		87DFB7877C9F3FFB3C9DB7BD = {
			isa = PBXGroup;
			children = (
				F5F16161083DF1FB42CC9774 /* MasterPacker */,
				2E3AA604304229F500360261 /* Frameworks */,
				C14F18880718E74DA7842A8A /* Products */,
			);
			sourceTree = "<group>";
		};
		C14F18880718E74DA7842A8A /* Products */ = {
			isa = PBXGroup;
			children = (
				8E186E08EC962C6824D4940F /* MasterPacker.app */,
			);
			name = Products;
			sourceTree = "<group>";
		};
		F5F16161083DF1FB42CC9774 /* MasterPacker */ = {
			isa = PBXGroup;
			children = (
				2E57A96C3040EA59007B1929 /* Info.plist */,
				2E72EEF23040E10C00FEE90C /* MasterPacker.entitlements */,
				30CF7F24892589ADEDD0B194 /* GoogleService-Info.plist */,
				31D76C12613F60BADD41492E /* MasterPackerApp.swift */,
				620FDBCAB506ED42E6E22314 /* ContentView.swift */,
				BEFDDFB630D169341E45AC3B /* AppDelegate.swift */,
				985E7E070372A8B4F20FFB1F /* SceneDelegate.swift */,
				DAF19A8569A446A0A2FD38B4 /* DesignSystem.swift */,
				155842F409CD5C51A4E79855 /* Models */,
				0BDF574CBC29DD3A21C0EE03 /* Views */,
				C25AA24A6A64E0E2D5EC5DB6 /* Assets.xcassets */,
				750D2DB985DFD4820D157A13 /* Preview Content */,
			);
			path = MasterPacker;
			sourceTree = "<group>";
		};
/* End PBXGroup section */

/* Begin PBXNativeTarget section */
		A9878357C29FE964BBCD6E17 /* MasterPacker */ = {
			isa = PBXNativeTarget;
			buildConfigurationList = 337CFF110F91B3B8C5A06FEC /* Build configuration list for PBXNativeTarget "MasterPacker" */;
			buildPhases = (
				CE859A10076016EEC2C797EC /* Sources */,
				764021F57C32CD23A4854092 /* Frameworks */,
				803312B92105A0E9A3C6E8D2 /* Resources */,
			);
			buildRules = (
			);
			dependencies = (
			);
			name = MasterPacker;
			packageProductDependencies = (
				2E3AA605304229F500360261 /* FirebaseAnalytics */,
			);
			productName = MasterPacker;
			productReference = 8E186E08EC962C6824D4940F /* MasterPacker.app */;
			productType = "com.apple.product-type.application";
		};
/* End PBXNativeTarget section */

/* Begin PBXProject section */
		E470CD2F31FFB0800990F36D /* Project object */ = {
			isa = PBXProject;
			attributes = {
				BuildIndependentTargetsInParallel = 1;
				LastSwiftUpdateCheck = 1520;
				LastUpgradeCheck = 1520;
				TargetAttributes = {
					A9878357C29FE964BBCD6E17 = {
						CreatedOnToolsVersion = 15.2;
					};
				};
			};
			buildConfigurationList = 8BF0CCBAA14D5EF6068C41C6 /* Build configuration list for PBXProject "MasterPacker" */;
			compatibilityVersion = "Xcode 14.0";
			developmentRegion = en;
			hasScannedForEncodings = 0;
			knownRegions = (
				en,
				Base,
			);
			mainGroup = 87DFB7877C9F3FFB3C9DB7BD;
			packageReferences = (
				2E3AA603304226B900360261 /* XCRemoteSwiftPackageReference "firebase-ios-sdk" */,
			);
			productRefGroup = C14F18880718E74DA7842A8A /* Products */;
			projectDirPath = "";
			projectRoot = "";
			targets = (
				A9878357C29FE964BBCD6E17 /* MasterPacker */,
			);
		};
/* End PBXProject section */

/* Begin PBXResourcesBuildPhase section */
		803312B92105A0E9A3C6E8D2 /* Resources */ = {
			isa = PBXResourcesBuildPhase;
			buildActionMask = 2147483647;
			files = (
				4EE7AAA453CF1DC6CC5A71F6 /* Assets.xcassets in Resources */,
				8890A7A1CACCE7FF2644C1A1 /* GoogleService-Info.plist in Resources */,
			);
			runOnlyForDeploymentPostprocessing = 0;
		};
/* End PBXResourcesBuildPhase section */

/* Begin PBXSourcesBuildPhase section */
		CE859A10076016EEC2C797EC /* Sources */ = {
			isa = PBXSourcesBuildPhase;
			buildActionMask = 2147483647;
			files = (
				181C1577AC6EEC784416A864 /* MasterPackerApp.swift in Sources */,
				7BC98E4A879ECC550BA074B2 /* ContentView.swift in Sources */,
				0A1C0191A5E78EAB16D3E28B /* DesignSystem.swift in Sources */,
				6B547671E1619B1E9CE45A41 /* Trip.swift in Sources */,
				1D462128AAAB5F6510333E94 /* PackingItem.swift in Sources */,
				86B26A94EB6C4ECCE2CB7C69 /* PackingRulesEngine.swift in Sources */,
				00C6DEE7C2AC6D2BDE99782D /* Traveler.swift in Sources */,
				074ACA1044236520B57A0A55 /* Pet.swift in Sources */,
				7E0C16F701701F57C427F863 /* Activity.swift in Sources */,
				8DACB12FE50E19E79B416F2D /* TravelMethod.swift in Sources */,
				85C17D236D64E18FEEC51EE1 /* TravelerProfile.swift in Sources */,
				A77AD8C55C88BABD5A7E3170 /* ProfileItem.swift in Sources */,
				F46F299A6CC7C1A1E5ECD393 /* CommonProfileItems.swift in Sources */,
				9C0F515867C01D356DFF11FB /* PetProfile.swift in Sources */,
				EF745E5199DFFB399AA16468 /* CommonPetItems.swift in Sources */,
				4CA8F2662805991A052B5B1A /* PackingTemplate.swift in Sources */,
				0544AEB5F91100A168364E41 /* TemplateItem.swift in Sources */,
				88559DC496DC35431670D227 /* CustomCategory.swift in Sources */,
				EA162E777A18B00EA71016ED /* WeatherService.swift in Sources */,
				5B15B5F00122561A4E69C0EC /* NotificationManager.swift in Sources */,
				F85AE32304CEEC5EFCA0EE35 /* RemoteTrip.swift in Sources */,
				B05B13C8451BD170CDDB486C /* SharedTripsListView.swift in Sources */,
				642EA7EC0A4BAF470C103661 /* SharedTripDetailView.swift in Sources */,
				86E3AC0621C5015DD62D7700 /* AppDelegate.swift in Sources */,
				88E88992E27516D6A7C022A5 /* SceneDelegate.swift in Sources */,
				B6BB222ED03CCAA18EA3542C /* CloudSharingRecords.swift in Sources */,
				07F61C49BAB508171B43D1C3 /* TripSharingService.swift in Sources */,
				0352E66B56A0BB8F85457871 /* CloudSharingControllerView.swift in Sources */,
				868B5CBD8BA4FA16F6E46AEF /* DestinationSearchCompleter.swift in Sources */,
				6410D3586841C6A9B6BE3B78 /* TripListView.swift in Sources */,
				E8AE0017D039B5510820EE2E /* AddTripView.swift in Sources */,
				D74F545D56087331C081C280 /* TripDetailView.swift in Sources */,
				5DCF9A4D2223123201C9A438 /* AddItemView.swift in Sources */,
				EF1E2DA5CEC7F7F359DB3ABA /* SplashScreenView.swift in Sources */,
				270C1C4B808BE5B6D8E4248E /* ProfileListView.swift in Sources */,
				27E0E6E98DB070F3BD949356 /* NewProfileView.swift in Sources */,
				3EB588070026919A8237C6F1 /* ProfileDetailView.swift in Sources */,
				4E94D9F7257212ED1C400522 /* AddProfileItemView.swift in Sources */,
				E445CA198701213BF4B9E95B /* NewPetProfileView.swift in Sources */,
				5A400D74598A549DD03365FD /* PetProfileDetailView.swift in Sources */,
				1C4EC2BCC4A986FB625A1F2C /* TripMapView.swift in Sources */,
				B61F6CB5D3F07F8C47D2A2EF /* TemplateListView.swift in Sources */,
				9B974E889E657B859E33DBE9 /* NewTemplateView.swift in Sources */,
				FCF43C565C58A4D0428D5175 /* TemplateDetailView.swift in Sources */,
				2144978F6482F0A06329C59E /* AddTemplateItemView.swift in Sources */,
				B6EA257E00C0827C7C66762A /* ApplyTemplateView.swift in Sources */,
				B5C071AA4DC9BDEF82E83253 /* EditTripView.swift in Sources */,
				C8188E0AC934DDD4D2428287 /* DestinationField.swift in Sources */,
			);
			runOnlyForDeploymentPostprocessing = 0;
		};
/* End PBXSourcesBuildPhase section */

/* Begin XCBuildConfiguration section */
		3D668155BB2FF57E6435F67F /* Release */ = {
			isa = XCBuildConfiguration;
			buildSettings = {
				ALWAYS_SEARCH_USER_PATHS = NO;
				ASSETCATALOG_COMPILER_GENERATE_SWIFT_ASSET_SYMBOL_EXTENSIONS = YES;
				CLANG_ANALYZER_NONNULL = YES;
				CLANG_ANALYZER_NUMBER_OBJECT_CONVERSION = YES_AGGRESSIVE;
				CLANG_CXX_LANGUAGE_STANDARD = "gnu++20";
				CLANG_ENABLE_MODULES = YES;
				CLANG_ENABLE_OBJC_ARC = YES;
				CLANG_ENABLE_OBJC_WEAK = YES;
				CLANG_WARN_BLOCK_CAPTURE_AUTORELEASING = YES;
				CLANG_WARN_BOOL_CONVERSION = YES;
				CLANG_WARN_COMMA = YES;
				CLANG_WARN_CONSTANT_CONVERSION = YES;
				CLANG_WARN_DEPRECATED_OBJC_IMPLEMENTATIONS = YES;
				CLANG_WARN_DIRECT_OBJC_ISA_USAGE = YES_ERROR;
				CLANG_WARN_DOCUMENTATION_COMMENTS = YES;
				CLANG_WARN_EMPTY_BODY = YES;
				CLANG_WARN_ENUM_CONVERSION = YES;
				CLANG_WARN_INFINITE_RECURSION = YES;
				CLANG_WARN_INT_CONVERSION = YES;
				CLANG_WARN_NON_LITERAL_NULL_CONVERSION = YES;
				CLANG_WARN_OBJC_IMPLICIT_RETAIN_SELF = YES;
				CLANG_WARN_OBJC_LITERAL_CONVERSION = YES;
				CLANG_WARN_OBJC_ROOT_CLASS = YES_ERROR;
				CLANG_WARN_QUOTED_INCLUDE_IN_FRAMEWORK_HEADER = YES;
				CLANG_WARN_RANGE_LOOP_ANALYSIS = YES;
				CLANG_WARN_STRICT_PROTOTYPES = YES;
				CLANG_WARN_SUSPICIOUS_MOVE = YES;
				CLANG_WARN_UNGUARDED_AVAILABILITY = YES_AGGRESSIVE;
				CLANG_WARN_UNREACHABLE_CODE = YES;
				CLANG_WARN__DUPLICATE_METHOD_MATCH = YES;
				COPY_PHASE_STRIP = NO;
				DEBUG_INFORMATION_FORMAT = "dwarf-with-dsym";
				ENABLE_NS_ASSERTIONS = NO;
				ENABLE_STRICT_OBJC_MSGSEND = YES;
				ENABLE_USER_SCRIPT_SANDBOXING = YES;
				GCC_C_LANGUAGE_STANDARD = gnu17;
				GCC_NO_COMMON_BLOCKS = YES;
				GCC_WARN_64_TO_32_BIT_CONVERSION = YES;
				GCC_WARN_ABOUT_RETURN_TYPE = YES_ERROR;
				GCC_WARN_UNDECLARED_SELECTOR = YES;
				GCC_WARN_UNINITIALIZED_AUTOS = YES_AGGRESSIVE;
				GCC_WARN_UNUSED_FUNCTION = YES;
				GCC_WARN_UNUSED_VARIABLE = YES;
				IPHONEOS_DEPLOYMENT_TARGET = 17.0;
				LOCALIZATION_PREFERS_STRING_CATALOGS = YES;
				MTL_ENABLE_DEBUG_INFO = NO;
				MTL_FAST_MATH = YES;
				SDKROOT = iphoneos;
				SWIFT_COMPILATION_MODE = wholemodule;
				VALIDATE_PRODUCT = YES;
			};
			name = Release;
		};
		5CC8A3577A95FE485FDA4227 /* Debug */ = {
			isa = XCBuildConfiguration;
			buildSettings = {
				ALWAYS_SEARCH_USER_PATHS = NO;
				ASSETCATALOG_COMPILER_GENERATE_SWIFT_ASSET_SYMBOL_EXTENSIONS = YES;
				CLANG_ANALYZER_NONNULL = YES;
				CLANG_ANALYZER_NUMBER_OBJECT_CONVERSION = YES_AGGRESSIVE;
				CLANG_CXX_LANGUAGE_STANDARD = "gnu++20";
				CLANG_ENABLE_MODULES = YES;
				CLANG_ENABLE_OBJC_ARC = YES;
				CLANG_ENABLE_OBJC_WEAK = YES;
				CLANG_WARN_BLOCK_CAPTURE_AUTORELEASING = YES;
				CLANG_WARN_BOOL_CONVERSION = YES;
				CLANG_WARN_COMMA = YES;
				CLANG_WARN_CONSTANT_CONVERSION = YES;
				CLANG_WARN_DEPRECATED_OBJC_IMPLEMENTATIONS = YES;
				CLANG_WARN_DIRECT_OBJC_ISA_USAGE = YES_ERROR;
				CLANG_WARN_DOCUMENTATION_COMMENTS = YES;
				CLANG_WARN_EMPTY_BODY = YES;
				CLANG_WARN_ENUM_CONVERSION = YES;
				CLANG_WARN_INFINITE_RECURSION = YES;
				CLANG_WARN_INT_CONVERSION = YES;
				CLANG_WARN_NON_LITERAL_NULL_CONVERSION = YES;
				CLANG_WARN_OBJC_IMPLICIT_RETAIN_SELF = YES;
				CLANG_WARN_OBJC_LITERAL_CONVERSION = YES;
				CLANG_WARN_OBJC_ROOT_CLASS = YES_ERROR;
				CLANG_WARN_QUOTED_INCLUDE_IN_FRAMEWORK_HEADER = YES;
				CLANG_WARN_RANGE_LOOP_ANALYSIS = YES;
				CLANG_WARN_STRICT_PROTOTYPES = YES;
				CLANG_WARN_SUSPICIOUS_MOVE = YES;
				CLANG_WARN_UNGUARDED_AVAILABILITY = YES_AGGRESSIVE;
				CLANG_WARN_UNREACHABLE_CODE = YES;
				CLANG_WARN__DUPLICATE_METHOD_MATCH = YES;
				COPY_PHASE_STRIP = NO;
				DEBUG_INFORMATION_FORMAT = dwarf;
				ENABLE_STRICT_OBJC_MSGSEND = YES;
				ENABLE_TESTABILITY = YES;
				ENABLE_USER_SCRIPT_SANDBOXING = YES;
				GCC_C_LANGUAGE_STANDARD = gnu17;
				GCC_DYNAMIC_NO_PIC = NO;
				GCC_NO_COMMON_BLOCKS = YES;
				GCC_OPTIMIZATION_LEVEL = 0;
				GCC_PREPROCESSOR_DEFINITIONS = (
					"DEBUG=1",
					"$(inherited)",
				);
				GCC_WARN_64_TO_32_BIT_CONVERSION = YES;
				GCC_WARN_ABOUT_RETURN_TYPE = YES_ERROR;
				GCC_WARN_UNDECLARED_SELECTOR = YES;
				GCC_WARN_UNINITIALIZED_AUTOS = YES_AGGRESSIVE;
				GCC_WARN_UNUSED_FUNCTION = YES;
				GCC_WARN_UNUSED_VARIABLE = YES;
				IPHONEOS_DEPLOYMENT_TARGET = 17.0;
				LOCALIZATION_PREFERS_STRING_CATALOGS = YES;
				MTL_ENABLE_DEBUG_INFO = INCLUDE_SOURCE;
				MTL_FAST_MATH = YES;
				ONLY_ACTIVE_ARCH = YES;
				SDKROOT = iphoneos;
				SWIFT_ACTIVE_COMPILATION_CONDITIONS = "DEBUG $(inherited)";
				SWIFT_OPTIMIZATION_LEVEL = "-Onone";
			};
			name = Debug;
		};
		92EA872D5ADDF273B0FE0E81 /* Debug */ = {
			isa = XCBuildConfiguration;
			buildSettings = {
				ASSETCATALOG_COMPILER_APPICON_NAME = AppIcon;
				ASSETCATALOG_COMPILER_GLOBAL_ACCENT_COLOR_NAME = AccentColor;
				CODE_SIGN_ENTITLEMENTS = MasterPacker/MasterPacker.entitlements;
				CODE_SIGN_STYLE = Automatic;
				CURRENT_PROJECT_VERSION = 1;
				DEVELOPMENT_ASSET_PATHS = "\"MasterPacker/Preview Content\"";
				DEVELOPMENT_TEAM = XAVAU7MNUH;
				ENABLE_PREVIEWS = YES;
				GENERATE_INFOPLIST_FILE = YES;
				INFOPLIST_FILE = MasterPacker/Info.plist;
				INFOPLIST_KEY_UIApplicationSceneManifest_Generation = YES;
				INFOPLIST_KEY_UIApplicationSupportsIndirectInputEvents = YES;
				INFOPLIST_KEY_UILaunchScreen_Generation = YES;
				INFOPLIST_KEY_UISupportedInterfaceOrientations_iPad = "UIInterfaceOrientationPortrait UIInterfaceOrientationPortraitUpsideDown UIInterfaceOrientationLandscapeLeft UIInterfaceOrientationLandscapeRight";
				INFOPLIST_KEY_UISupportedInterfaceOrientations_iPhone = "UIInterfaceOrientationPortrait UIInterfaceOrientationLandscapeLeft UIInterfaceOrientationLandscapeRight";
				LD_RUNPATH_SEARCH_PATHS = (
					"$(inherited)",
					"@executable_path/Frameworks",
				);
				MARKETING_VERSION = 1.0;
				PRODUCT_BUNDLE_IDENTIFIER = com.jwarrengroup.masterpacker;
				PRODUCT_NAME = "$(TARGET_NAME)";
				SWIFT_EMIT_LOC_STRINGS = YES;
				SWIFT_VERSION = 5.0;
				TARGETED_DEVICE_FAMILY = "1,2";
			};
			name = Debug;
		};
		BE6F6B0FE48D48E813F85E33 /* Release */ = {
			isa = XCBuildConfiguration;
			buildSettings = {
				ASSETCATALOG_COMPILER_APPICON_NAME = AppIcon;
				ASSETCATALOG_COMPILER_GLOBAL_ACCENT_COLOR_NAME = AccentColor;
				CODE_SIGN_ENTITLEMENTS = MasterPacker/MasterPacker.entitlements;
				CODE_SIGN_STYLE = Automatic;
				CURRENT_PROJECT_VERSION = 1;
				DEVELOPMENT_ASSET_PATHS = "\"MasterPacker/Preview Content\"";
				DEVELOPMENT_TEAM = XAVAU7MNUH;
				ENABLE_PREVIEWS = YES;
				GENERATE_INFOPLIST_FILE = YES;
				INFOPLIST_FILE = MasterPacker/Info.plist;
				INFOPLIST_KEY_UIApplicationSceneManifest_Generation = YES;
				INFOPLIST_KEY_UIApplicationSupportsIndirectInputEvents = YES;
				INFOPLIST_KEY_UILaunchScreen_Generation = YES;
				INFOPLIST_KEY_UISupportedInterfaceOrientations_iPad = "UIInterfaceOrientationPortrait UIInterfaceOrientationPortraitUpsideDown UIInterfaceOrientationLandscapeLeft UIInterfaceOrientationLandscapeRight";
				INFOPLIST_KEY_UISupportedInterfaceOrientations_iPhone = "UIInterfaceOrientationPortrait UIInterfaceOrientationLandscapeLeft UIInterfaceOrientationLandscapeRight";
				LD_RUNPATH_SEARCH_PATHS = (
					"$(inherited)",
					"@executable_path/Frameworks",
				);
				MARKETING_VERSION = 1.0;
				PRODUCT_BUNDLE_IDENTIFIER = com.jwarrengroup.masterpacker;
				PRODUCT_NAME = "$(TARGET_NAME)";
				SWIFT_EMIT_LOC_STRINGS = YES;
				SWIFT_VERSION = 5.0;
				TARGETED_DEVICE_FAMILY = "1,2";
			};
			name = Release;
		};
/* End XCBuildConfiguration section */

/* Begin XCConfigurationList section */
		337CFF110F91B3B8C5A06FEC /* Build configuration list for PBXNativeTarget "MasterPacker" */ = {
			isa = XCConfigurationList;
			buildConfigurations = (
				92EA872D5ADDF273B0FE0E81 /* Debug */,
				BE6F6B0FE48D48E813F85E33 /* Release */,
			);
			defaultConfigurationIsVisible = 0;
			defaultConfigurationName = Release;
		};
		8BF0CCBAA14D5EF6068C41C6 /* Build configuration list for PBXProject "MasterPacker" */ = {
			isa = XCConfigurationList;
			buildConfigurations = (
				5CC8A3577A95FE485FDA4227 /* Debug */,
				3D668155BB2FF57E6435F67F /* Release */,
			);
			defaultConfigurationIsVisible = 0;
			defaultConfigurationName = Release;
		};
/* End XCConfigurationList section */

/* Begin XCRemoteSwiftPackageReference section */
		2E3AA603304226B900360261 /* XCRemoteSwiftPackageReference "firebase-ios-sdk" */ = {
			isa = XCRemoteSwiftPackageReference;
			repositoryURL = "https://github.com/firebase/firebase-ios-sdk";
			requirement = {
				kind = upToNextMajorVersion;
				minimumVersion = 12.18.0;
			};
		};
/* End XCRemoteSwiftPackageReference section */

/* Begin XCSwiftPackageProductDependency section */
		2E3AA605304229F500360261 /* FirebaseAnalytics */ = {
			isa = XCSwiftPackageProductDependency;
			package = 2E3AA603304226B900360261 /* XCRemoteSwiftPackageReference "firebase-ios-sdk" */;
			productName = FirebaseAnalytics;
		};
/* End XCSwiftPackageProductDependency section */
	};
	rootObject = E470CD2F31FFB0800990F36D /* Project object */;
}
